
Microsoft Visual Studio Solution File, Format Version 12.00
# Visual Studio Version 16
VisualStudioVersion = 16.0.29905.134
MinimumVisualStudioVersion = 10.0.40219.1
Project("{FAE04EC0-301F-11D3-BF4B-00C04F79EFBC}") = "StockMarket.AccountAPI", "StockMarket.AccountAPI\StockMarket.AccountAPI.csproj", "{C8A82AC3-82C2-4D9E-988A-B1EA56388B44}"
EndProject
Project("{FAE04EC0-301F-11D3-BF4B-00C04F79EFBC}") = "StockMarket.UserAPI", "StockMarket.UserAPI\StockMarket.UserAPI.csproj", "{A62FFD7F-4022-4C70-BA60-F35F4B9B7928}"
EndProject
Project("{FAE04EC0-301F-11D3-BF4B-00C04F79EFBC}") = "StockMarket.AdminAPI", "StockMarket.AdminAPI\StockMarket.AdminAPI.csproj", "{7CCDF0A0-AD2E-4E45-8EBA-EE9C9E93EA47}"
EndProject
Project("{FAE04EC0-301F-11D3-BF4B-00C04F79EFBC}") = "StockMarket.ExcelAPI", "StockMarket.ExcelAPI\StockMarket.ExcelAPI.csproj", "{6AA1CB37-D8F7-4336-ABFE-500C5ED3EBF7}"
EndProject
Global
	GlobalSection(SolutionConfigurationPlatforms) = preSolution
		Debug|Any CPU = Debug|Any CPU
		Release|Any CPU = Release|Any CPU
	EndGlobalSection
	GlobalSection(ProjectConfigurationPlatforms) = postSolution
		{C8A82AC3-82C2-4D9E-988A-B1EA56388B44}.Debug|Any CPU.ActiveCfg = Debug|Any CPU
		{C8A82AC3-82C2-4D9E-988A-B1EA56388B44}.Debug|Any CPU.Build.0 = Debug|Any CPU
		{C8A82AC3-82C2-4D9E-988A-B1EA56388B44}.Release|Any CPU.ActiveCfg = Release|Any CPU
		{C8A82AC3-82C2-4D9E-988A-B1EA56388B44}.Release|Any CPU.Build.0 = Release|Any CPU
		{A62FFD7F-4022-4C70-BA60-F35F4B9B7928}.Debug|Any CPU.ActiveCfg = Debug|Any CPU
		{A62FFD7F-4022-4C70-BA60-F35F4B9B7928}.Debug|Any CPU.Build.0 = Debug|Any CPU
		{A62FFD7F-4022-4C70-BA60-F35F4B9B7928}.Release|Any CPU.ActiveCfg = Release|Any CPU
		{A62FFD7F-4022-4C70-BA60-F35F4B9B7928}.Release|Any CPU.Build.0 = Release|Any CPU
		{7CCDF0A0-AD2E-4E45-8EBA-EE9C9E93EA47}.Debug|Any CPU.ActiveCfg = Debug|Any CPU
		{7CCDF0A0-AD2E-4E45-8EBA-EE9C9E93EA47}.Debug|Any CPU.Build.0 = Debug|Any CPU
		{7CCDF0A0-AD2E-4E45-8EBA-EE9C9E93EA47}.Release|Any CPU.ActiveCfg = Release|Any CPU
		{7CCDF0A0-AD2E-4E45-8EBA-EE9C9E93EA47}.Release|Any CPU.Build.0 = Release|Any CPU
		{6AA1CB37-D8F7-4336-ABFE-500C5ED3EBF7}.Debug|Any CPU.ActiveCfg = Debug|Any CPU
		{6AA1CB37-D8F7-4336-ABFE-500C5ED3EBF7}.Debug|Any CPU.Build.0 = Debug|Any CPU
		{6AA1CB37-D8F7-4336-ABFE-500C5ED3EBF7}.Release|Any CPU.ActiveCfg = Release|Any CPU
		{6AA1CB37-D8F7-4336-ABFE-500C5ED3EBF7}.Release|Any CPU.Build.0 = Release|Any CPU
	EndGlobalSection
	GlobalSection(SolutionProperties) = preSolution
		HideSolutionNode = FALSE
	EndGlobalSection
	GlobalSection(ExtensibilityGlobals) = postSolution
		SolutionGuid = {48701287-65C9-4C8A-A249-042C4B3A342D}
	EndGlobalSection
EndGlobal
